# This file is autogenerated, do not edit; changes may be undone by the next 'dep ensure'.


[[projects]]
  branch = "master"
  name = "github.com/golang-commonmark/markdown"
  packages = [
    ".",
    "byteutil",
    "html",
    "linkify"
  ]
  revision = "11a7a839e723aa293cccdc353b394dbfce7c131e"

[[projects]]
  branch = "master"
  name = "github.com/opennota/urlesc"
  packages = ["."]
  revision = "de5bf2ad457846296e2031421a34e2568e304e35"

[solve-meta]
  analyzer-name = "dep"
  analyzer-version = 1
  inputs-digest = "bcbfdc26bcb03a9cb0834916a0bb989ff0431318f460a99ced368f8aaaf84010"
  solver-name = "gps-cdcl"
  solver-version = 1
